
Microsoft Visual Studio Solution File, Format Version 12.00
# Visual Studio Version 17
VisualStudioVersion = 17.12.35707.178
MinimumVisualStudioVersion = 10.0.40219.1
Project("{2150E333-8FDC-42A3-9474-1A3956D46DE8}") = "Server", "Server", "{32718605-56F3-4C48-B997-E4F7F9B7ACB3}"
EndProject
Project("{FAE04EC0-301F-11D3-BF4B-00C04F79EFBC}") = "MxFace.SDK.Face.API", "Server\MxFace.SDK.Face.API\MxFace.SDK.Face.API.csproj", "{BC276972-82DC-4961-AB97-5AE9CBF8EF8A}"
EndProject
Project("{2150E333-8FDC-42A3-9474-1A3956D46DE8}") = "Client", "Client", "{12317507-7851-45D2-A967-BADFEAAFE5A8}"
EndProject
Project("{FAE04EC0-301F-11D3-BF4B-00C04F79EFBC}") = "MxFace.SDK.Face.API.Sample.Net", "Client\MxFace.SDK.Face.API.Sample.Net\MxFace.SDK.Face.API.Sample.Net.csproj", "{519371B0-773E-4281-9BA3-77703C700537}"
EndProject
Project("{2150E333-8FDC-42A3-9474-1A3956D46DE8}") = "Shared", "Shared", "{5088E13A-DE68-4419-BF4A-77968549F2C4}"
EndProject
Project("{FAE04EC0-301F-11D3-BF4B-00C04F79EFBC}") = "MxFace.SDK.Face.API.Shared", "Shared\MxFace.SDK.Face.API.Shared\MxFace.SDK.Face.API.Shared.csproj", "{218A8527-C303-4234-A4EE-2899CA9C068C}"
EndProject
Project("{2150E333-8FDC-42A3-9474-1A3956D46DE8}") = "GRPCServer", "GRPCServer", "{9897FB9A-A989-4D2A-8E8F-56FA88D3FDD4}"
EndProject
Project("{2150E333-8FDC-42A3-9474-1A3956D46DE8}") = "GRPCClient", "GRPCClient", "{F5669D4D-9EC1-4DCF-8899-812FC320D68C}"
EndProject
Project("{FAE04EC0-301F-11D3-BF4B-00C04F79EFBC}") = "MxFace.SDK.Face.GRPC", "GRPCServer\MxFace.SDK.Face.GRPC\MxFace.SDK.Face.GRPC.csproj", "{39D61EF5-AE94-417D-815C-595D786328A9}"
EndProject
Project("{FAE04EC0-301F-11D3-BF4B-00C04F79EFBC}") = "MxFace.SDK.Face.GRPC.Client", "GRPCClient\MxFace.SDK.Face.GRPC.Client\MxFace.SDK.Face.GRPC.Client.csproj", "{8F24501D-07C7-4A76-8630-CCA2DD2C1609}"
EndProject
Global
	GlobalSection(SolutionConfigurationPlatforms) = preSolution
		Debug|Any CPU = Debug|Any CPU
		Release|Any CPU = Release|Any CPU
	EndGlobalSection
	GlobalSection(ProjectConfigurationPlatforms) = postSolution
		{BC276972-82DC-4961-AB97-5AE9CBF8EF8A}.Debug|Any CPU.ActiveCfg = Debug|Any CPU
		{BC276972-82DC-4961-AB97-5AE9CBF8EF8A}.Debug|Any CPU.Build.0 = Debug|Any CPU
		{BC276972-82DC-4961-AB97-5AE9CBF8EF8A}.Release|Any CPU.ActiveCfg = Release|Any CPU
		{BC276972-82DC-4961-AB97-5AE9CBF8EF8A}.Release|Any CPU.Build.0 = Release|Any CPU
		{519371B0-773E-4281-9BA3-77703C700537}.Debug|Any CPU.ActiveCfg = Debug|Any CPU
		{519371B0-773E-4281-9BA3-77703C700537}.Debug|Any CPU.Build.0 = Debug|Any CPU
		{519371B0-773E-4281-9BA3-77703C700537}.Release|Any CPU.ActiveCfg = Release|Any CPU
		{519371B0-773E-4281-9BA3-77703C700537}.Release|Any CPU.Build.0 = Release|Any CPU
		{218A8527-C303-4234-A4EE-2899CA9C068C}.Debug|Any CPU.ActiveCfg = Debug|Any CPU
		{218A8527-C303-4234-A4EE-2899CA9C068C}.Debug|Any CPU.Build.0 = Debug|Any CPU
		{218A8527-C303-4234-A4EE-2899CA9C068C}.Release|Any CPU.ActiveCfg = Release|Any CPU
		{218A8527-C303-4234-A4EE-2899CA9C068C}.Release|Any CPU.Build.0 = Release|Any CPU
		{39D61EF5-AE94-417D-815C-595D786328A9}.Debug|Any CPU.ActiveCfg = Debug|Any CPU
		{39D61EF5-AE94-417D-815C-595D786328A9}.Debug|Any CPU.Build.0 = Debug|Any CPU
		{39D61EF5-AE94-417D-815C-595D786328A9}.Release|Any CPU.ActiveCfg = Release|Any CPU
		{39D61EF5-AE94-417D-815C-595D786328A9}.Release|Any CPU.Build.0 = Release|Any CPU
		{8F24501D-07C7-4A76-8630-CCA2DD2C1609}.Debug|Any CPU.ActiveCfg = Debug|Any CPU
		{8F24501D-07C7-4A76-8630-CCA2DD2C1609}.Debug|Any CPU.Build.0 = Debug|Any CPU
		{8F24501D-07C7-4A76-8630-CCA2DD2C1609}.Release|Any CPU.ActiveCfg = Release|Any CPU
		{8F24501D-07C7-4A76-8630-CCA2DD2C1609}.Release|Any CPU.Build.0 = Release|Any CPU
	EndGlobalSection
	GlobalSection(SolutionProperties) = preSolution
		HideSolutionNode = FALSE
	EndGlobalSection
	GlobalSection(NestedProjects) = preSolution
		{BC276972-82DC-4961-AB97-5AE9CBF8EF8A} = {32718605-56F3-4C48-B997-E4F7F9B7ACB3}
		{519371B0-773E-4281-9BA3-77703C700537} = {12317507-7851-45D2-A967-BADFEAAFE5A8}
		{218A8527-C303-4234-A4EE-2899CA9C068C} = {5088E13A-DE68-4419-BF4A-77968549F2C4}
		{39D61EF5-AE94-417D-815C-595D786328A9} = {9897FB9A-A989-4D2A-8E8F-56FA88D3FDD4}
		{8F24501D-07C7-4A76-8630-CCA2DD2C1609} = {F5669D4D-9EC1-4DCF-8899-812FC320D68C}
	EndGlobalSection
EndGlobal
